{"version":4,"terraform_version":"1.9.0","serial":143,"lineage":"e1b4c380-3616-1567-3fbb-fed39e879670","outputs":{"build_exit_code":{"value":0,"type":"number"},"container_logs":{"value":"\u0001\u0000\u0000\u0000\u0000\u0000\u0000\u0005root\n","type":"string"}},"resources":[{"mode":"managed","type":"docker_container","name":"cpp-build","provider":"provider[\"registry.opentofu.org/kreuzwerker/docker\"]","instances":[{"schema_version":2,"attributes":{"attach":true,"bridge":"","capabilities":[],"cgroupns_mode":null,"command":[],"container_logs":"\u0001\u0000\u0000\u0000\u0000\u0000\u0000\u0005root\n","container_read_refresh_timeout_milliseconds":15000,"cpu_set":"","cpu_shares":0,"destroy_grace_seconds":null,"devices":[],"dns":null,"dns_opts":null,"dns_search":null,"domainname":"","entrypoint":["whoami"],"env":[],"exit_code":0,"gpus":null,"group_add":null,"healthcheck":null,"host":[],"hostname":"e4bb1a0527be","id":"e4bb1a0527be01d8ab745352c020ce586aa84a1606e634b2b9b410c7c1e7ba4f","image":"sha256:85bda21dc6f3060da380f02a48a2040f007bb1fb21781eeccca98c4210082f5e","init":false,"ipc_mode":"private","labels":[],"log_driver":"json-file","log_opts":null,"logs":true,"max_retry_count":0,"memory":0,"memory_swap":0,"mounts":[{"bind_options":[],"read_only":null,"source":"/home/martijn/Code/School/cpp-template","target":"/usr/src/project","tmpfs_options":[],"type":"bind","volume_options":[]}],"must_run":false,"name":"cpp-builder","network_data":[{"gateway":"","global_ipv6_address":"","global_ipv6_prefix_length":0,"ip_address":"","ip_prefix_length":0,"ipv6_gateway":"","mac_address":"","network_name":"bridge"}],"network_mode":"bridge","networks_advanced":[],"pid_mode":"","ports":[],"privileged":false,"publish_all_ports":false,"read_only":false,"remove_volumes":true,"restart":"no","rm":false,"runtime":"runc","security_opts":[],"shm_size":64,"start":true,"stdin_open":false,"stop_signal":"","stop_timeout":0,"storage_opts":null,"sysctls":null,"tmpfs":null,"tty":false,"ulimit":[],"upload":[],"user":"root","userns_mode":"","volumes":[],"wait":false,"wait_timeout":60,"working_dir":"/usr/src/project"},"sensitive_attributes":[],"private":"eyJzY2hlbWFfdmVyc2lvbiI6IjIifQ==","dependencies":["docker_image.cpp-build"]}]},{"mode":"managed","type":"docker_image","name":"cpp-build","provider":"provider[\"registry.opentofu.org/kreuzwerker/docker\"]","instances":[{"schema_version":0,"attributes":{"build":[{"auth_config":[],"build_arg":null,"build_args":null,"build_id":"","cache_from":[],"cgroup_parent":"","context":"../","cpu_period":null,"cpu_quota":null,"cpu_set_cpus":"","cpu_set_mems":"","cpu_shares":null,"dockerfile":"Dockerfile","extra_hosts":[],"force_remove":null,"isolation":"","label":null,"labels":null,"memory":null,"memory_swap":null,"network_mode":"","no_cache":null,"platform":"","pull_parent":null,"remote_context":"","remove":true,"security_opt":[],"session_id":"","shm_size":null,"squash":null,"suppress_output":null,"tag":["cpp-build-tofu:develop"],"target":"","ulimit":[],"version":""}],"force_remove":null,"id":"sha256:85bda21dc6f3060da380f02a48a2040f007bb1fb21781eeccca98c4210082f5ecpp-build-tofu","image_id":"sha256:85bda21dc6f3060da380f02a48a2040f007bb1fb21781eeccca98c4210082f5e","keep_locally":null,"name":"cpp-build-tofu","platform":null,"pull_triggers":null,"repo_digest":"","triggers":null},"sensitive_attributes":[],"private":"bnVsbA=="}]}],"check_results":null}
